<pre style="color: rgb(0, 0, 0); font-style: normal; font-variant-ligatures: normal; font-variant-caps: normal; font-weight: 400; letter-spacing: normal; orphans: 2; text-align: start; text-indent: 0px; text-transform: none; widows: 2; word-spacing: 0px; -webkit-text-stroke-width: 0px; text-decoration-thickness: initial; text-decoration-style: initial; text-decoration-color: initial; overflow-wrap: break-word; white-space: pre-wrap;">Microsoft Visual Studio Solution File, Format Version 12.00
# Visual Studio Version 16
VisualStudioVersion = 16.0.30611.23
MinimumVisualStudioVersion = 10.0.40219.1
Project(&quot;{FAE04EC0-301F-11D3-BF4B-00C04F79EFBC}&quot;) = &quot;Connect4&quot;, &quot;Connect4.csproj&quot;, &quot;{700EB342-0872-421E-A030-E62E4F080367}&quot;
EndProject
Global
	GlobalSection(SolutionConfigurationPlatforms) = preSolution
		Debug|Any CPU = Debug|Any CPU
		Release|Any CPU = Release|Any CPU
	EndGlobalSection
	GlobalSection(ProjectConfigurationPlatforms) = postSolution
		{700EB342-0872-421E-A030-E62E4F080367}.Debug|Any CPU.ActiveCfg = Debug|Any CPU
		{700EB342-0872-421E-A030-E62E4F080367}.Debug|Any CPU.Build.0 = Debug|Any CPU
		{700EB342-0872-421E-A030-E62E4F080367}.Release|Any CPU.ActiveCfg = Release|Any CPU
		{700EB342-0872-421E-A030-E62E4F080367}.Release|Any CPU.Build.0 = Release|Any CPU
	EndGlobalSection
	GlobalSection(SolutionProperties) = preSolution
		HideSolutionNode = FALSE
	EndGlobalSection
	GlobalSection(ExtensibilityGlobals) = postSolution
		SolutionGuid = {338DE576-0CD9-4235-9D7B-CAF08DAEF4AF}
	EndGlobalSection
EndGlobal</pre>
